<?xml version="1.0" encoding="utf-8"?>
<Project ToolsVersion="4.0" xmlns="http://schemas.microsoft.com/developer/msbuild/2003">
  <ItemGroup>
    <Filter Include="Source Files">
      <UniqueIdentifier>{4FC737F1-C7A5-4376-A066-2A32D752A2FF}</UniqueIdentifier>
      <Extensions>cpp;cxx;c;def</Extensions>
    </Filter>
    <Filter Include="Header Files">
      <UniqueIdentifier>{93995380-89BD-4b04-88EB-625FBE52EBFB}</UniqueIdentifier>
      <Extensions>h</Extensions>
    </Filter>
    <Filter Include="Form Files">
      <UniqueIdentifier>{99349809-55BA-4b9d-BF79-8FDBB0286EB3}</UniqueIdentifier>
      <Extensions>ui</Extensions>
    </Filter>
    <Filter Include="Resource Files">
      <UniqueIdentifier>{D9D6E242-F8AF-46E4-B9FD-80ECBC20BA3E}</UniqueIdentifier>
      <Extensions>qrc;*</Extensions>
      <ParseFiles>false</ParseFiles>
    </Filter>
    <Filter Include="Generated Files">
      <UniqueIdentifier>{71ED8ED8-ACB9-4CE9-BBE1-E00B30144E11}</UniqueIdentifier>
      <Extensions>moc;h;cpp</Extensions>
      <SourceControlFiles>False</SourceControlFiles>
    </Filter>
    <Filter Include="Generated Files\Debug">
      <UniqueIdentifier>{81e1f21c-3899-4bce-8be9-0ce80f4f8107}</UniqueIdentifier>
      <Extensions>cpp;moc</Extensions>
      <SourceControlFiles>False</SourceControlFiles>
    </Filter>
    <Filter Include="Generated Files\Release">
      <UniqueIdentifier>{c1bf49e3-eb44-4bd0-bf16-b08be7a91c69}</UniqueIdentifier>
      <Extensions>cpp;moc</Extensions>
      <SourceControlFiles>False</SourceControlFiles>
    </Filter>
    <Filter Include="RosterLogic">
      <UniqueIdentifier>{6ade424e-c599-4510-aa2c-9b188bf923ee}</UniqueIdentifier>
    </Filter>
    <Filter Include="Component">
      <UniqueIdentifier>{c6907224-933f-450b-b7db-ddcac207d13d}</UniqueIdentifier>
    </Filter>
    <Filter Include="Helper">
      <UniqueIdentifier>{eebaf470-09d3-4d2b-b86d-2dde13c0cd53}</UniqueIdentifier>
    </Filter>
    <Filter Include="自定义控件">
      <UniqueIdentifier>{e18a6fcc-fef5-42a0-81d3-10a9d3b28bea}</UniqueIdentifier>
    </Filter>
    <Filter Include="自定义控件\00__聊天控件">
      <UniqueIdentifier>{e9f39ba2-7402-4f36-9184-8b6ba21165cb}</UniqueIdentifier>
    </Filter>
    <Filter Include="自定义控件\00__聊天控件\00_聊天工具条">
      <UniqueIdentifier>{5f9aa8ff-3d3f-4ec1-9194-0ab2842479e4}</UniqueIdentifier>
    </Filter>
    <Filter Include="自定义控件\00__聊天控件\00_聊天工具条\00_截图控件">
      <UniqueIdentifier>{6508c4f2-2229-43cc-811b-ef134b44eb89}</UniqueIdentifier>
    </Filter>
    <Filter Include="QSS">
      <UniqueIdentifier>{eaf1b208-0aad-4c6f-8861-d4066c2b5860}</UniqueIdentifier>
    </Filter>
    <Filter Include="MVC">
      <UniqueIdentifier>{f88f27ce-2c1e-4764-aac7-b706261b871f}</UniqueIdentifier>
    </Filter>
    <Filter Include="Qtui">
      <UniqueIdentifier>{22b6f732-f28b-4fc1-8eb6-ac425d5b4982}</UniqueIdentifier>
    </Filter>
    <Filter Include="3rd">
      <UniqueIdentifier>{56f004f2-1a29-41e0-93df-2d347579c679}</UniqueIdentifier>
    </Filter>
    <Filter Include="3rd\amr">
      <UniqueIdentifier>{f45b8674-81f3-4b44-ada3-d0bc60c2c4df}</UniqueIdentifier>
    </Filter>
    <Filter Include="3rd\hotKey">
      <UniqueIdentifier>{aa061e76-a09d-45ad-9d21-d6e3929efd08}</UniqueIdentifier>
    </Filter>
    <Filter Include="3rd\quazip">
      <UniqueIdentifier>{07ff9686-0151-449f-9ad4-bb0fa01e109f}</UniqueIdentifier>
    </Filter>
  </ItemGroup>
  <ItemGroup>
    <ClCompile Include="main.cpp">
      <Filter>Source Files</Filter>
    </ClCompile>
    <ClCompile Include="GeneratedFiles\qrc_localman.cpp">
      <Filter>Generated Files</Filter>
    </ClCompile>
    <ClCompile Include="Framework.cpp">
      <Filter>Source Files</Filter>
    </ClCompile>
    <ClCompile Include="Framework_p.cpp">
      <Filter>Source Files</Filter>
    </ClCompile>
    <ClCompile Include="GeneratedFiles\Debug\moc_Framework_p.cpp">
      <Filter>Generated Files\Debug</Filter>
    </ClCompile>
    <ClCompile Include="GeneratedFiles\Debug\moc_MainDialog.cpp">
      <Filter>Generated Files\Debug</Filter>
    </ClCompile>
    <ClCompile Include="GeneratedFiles\Debug\moc_MainWidget.cpp">
      <Filter>Generated Files\Debug</Filter>
    </ClCompile>
    <ClCompile Include="GeneratedFiles\Debug\moc_ConsoleDialog.cpp">
      <Filter>Generated Files\Debug</Filter>
    </ClCompile>
    <ClCompile Include="GeneratedFiles\Debug\moc_rosterListView.cpp">
      <Filter>Generated Files\Debug</Filter>
    </ClCompile>
    <ClCompile Include="GeneratedFiles\Debug\moc_rosterItemSortFilterProxyModel.cpp">
      <Filter>Generated Files\Debug</Filter>
    </ClCompile>
    <ClCompile Include="rosterItemSortFilterProxyModel.cpp">
      <Filter>RosterLogic</Filter>
    </ClCompile>
    <ClCompile Include="rosterListView.cpp">
      <Filter>RosterLogic</Filter>
    </ClCompile>
    <ClCompile Include="rosterItem.cpp">
      <Filter>RosterLogic</Filter>
    </ClCompile>
    <ClCompile Include="rosterItemModel.cpp">
      <Filter>RosterLogic</Filter>
    </ClCompile>
    <ClCompile Include="MainWidget.cpp">
      <Filter>Component</Filter>
    </ClCompile>
    <ClCompile Include="LoginWidget.cpp">
      <Filter>Component</Filter>
    </ClCompile>
    <ClCompile Include="UiHelper.cpp">
      <Filter>Helper</Filter>
    </ClCompile>
    <ClCompile Include="LanguageHelper.cpp">
      <Filter>Helper</Filter>
    </ClCompile>
    <ClCompile Include="GeneratedFiles\Debug\moc_ChatDialog.cpp">
      <Filter>Generated Files\Debug</Filter>
    </ClCompile>
    <ClCompile Include="DemoDialog.cpp">
      <Filter>Source Files</Filter>
    </ClCompile>
    <ClCompile Include="GeneratedFiles\Debug\moc_DemoDialog.cpp">
      <Filter>Generated Files\Debug</Filter>
    </ClCompile>
    <ClCompile Include="GeneratedFiles\Debug\moc_LoginWidget.cpp">
      <Filter>Generated Files\Debug</Filter>
    </ClCompile>
    <ClCompile Include="GeneratedFiles\Debug\moc_TitlebarWidget.cpp">
      <Filter>Generated Files\Debug</Filter>
    </ClCompile>
    <ClCompile Include="LocalManDialog.cpp">
      <Filter>Source Files</Filter>
    </ClCompile>
    <ClCompile Include="GeneratedFiles\Debug\moc_LocalManDialog.cpp">
      <Filter>Generated Files\Debug</Filter>
    </ClCompile>
    <ClCompile Include="GeneratedFiles\Debug\moc_LineEdit.cpp">
      <Filter>Generated Files\Debug</Filter>
    </ClCompile>
    <ClCompile Include="SystemIcon.cpp">
      <Filter>Source Files</Filter>
    </ClCompile>
    <ClCompile Include="GeneratedFiles\Debug\moc_SystemIcon.cpp">
      <Filter>Generated Files\Debug</Filter>
    </ClCompile>
    <ClCompile Include="WindowTrayNotifyHelper.cpp">
      <Filter>Source Files</Filter>
    </ClCompile>
    <ClCompile Include="DisplayTextBrowser.cpp">
      <Filter>Source Files</Filter>
    </ClCompile>
    <ClCompile Include="GeneratedFiles\Debug\moc_DisplayTextBrowser.cpp">
      <Filter>Generated Files\Debug</Filter>
    </ClCompile>
    <ClCompile Include="GeneratedFiles\Debug\moc_qhyperlink.cpp">
      <Filter>Source Files</Filter>
    </ClCompile>
    <ClCompile Include="qhyperlink.cpp">
      <Filter>Component</Filter>
    </ClCompile>
    <ClCompile Include="GeneratedFiles\Debug\moc_QPromptEdit.cpp">
      <Filter>Generated Files\Debug</Filter>
    </ClCompile>
    <ClCompile Include="QPromptEdit.cpp">
      <Filter>Component</Filter>
    </ClCompile>
    <ClCompile Include="WebViewCommObject.cpp">
      <Filter>Source Files</Filter>
    </ClCompile>
    <ClCompile Include="GeneratedFiles\Debug\moc_WebViewCommObject.cpp">
      <Filter>Generated Files\Debug</Filter>
    </ClCompile>
    <ClCompile Include="ChatCommObject.cpp">
      <Filter>Source Files</Filter>
    </ClCompile>
    <ClCompile Include="GeneratedFiles\Debug\moc_ChatCommObject.cpp">
      <Filter>Generated Files\Debug</Filter>
    </ClCompile>
    <ClCompile Include="NotifyWindow.cpp">
      <Filter>Source Files</Filter>
    </ClCompile>
    <ClCompile Include="GeneratedFiles\Debug\moc_NotifyWindow.cpp">
      <Filter>Generated Files\Debug</Filter>
    </ClCompile>
    <ClCompile Include="SettingTabView.cpp">
      <Filter>Source Files</Filter>
    </ClCompile>
    <ClCompile Include="GeneratedFiles\Debug\moc_SettingTabView.cpp">
      <Filter>Generated Files\Debug</Filter>
    </ClCompile>
    <ClCompile Include="SettingDetail.cpp">
      <Filter>Source Files</Filter>
    </ClCompile>
    <ClCompile Include="GeneratedFiles\Debug\moc_SettingDetail.cpp">
      <Filter>Generated Files\Debug</Filter>
    </ClCompile>
    <ClCompile Include="LineEdit.cpp">
      <Filter>Component</Filter>
    </ClCompile>
    <ClCompile Include="GeneratedFiles\Debug\moc_TextEdit.cpp">
      <Filter>Generated Files\Debug</Filter>
    </ClCompile>
    <ClCompile Include="TextEdit.cpp">
      <Filter>Component</Filter>
    </ClCompile>
    <ClCompile Include="GeneratedFiles\Debug\moc_WebPage.cpp">
      <Filter>Generated Files\Debug</Filter>
    </ClCompile>
    <ClCompile Include="WebPage.cpp">
      <Filter>Component</Filter>
    </ClCompile>
    <ClCompile Include="GeneratedFiles\Debug\moc_StatusButton.cpp">
      <Filter>Generated Files\Debug</Filter>
    </ClCompile>
    <ClCompile Include="StatusButton.cpp">
      <Filter>Component</Filter>
    </ClCompile>
    <ClCompile Include="GeneratedFiles\Debug\moc_rosterItem.cpp">
      <Filter>Generated Files\Debug</Filter>
    </ClCompile>
    <ClCompile Include="GeneratedFiles\Debug\moc_rosterItemModel.cpp">
      <Filter>Generated Files\Debug</Filter>
    </ClCompile>
    <ClCompile Include="DealMessageBox.cpp">
      <Filter>Source Files</Filter>
    </ClCompile>
    <ClCompile Include="GeneratedFiles\Debug\moc_DealMessageBox.cpp">
      <Filter>Generated Files\Debug</Filter>
    </ClCompile>
    <ClCompile Include="GeneratedFiles\Debug\moc_logindialog.cpp">
      <Filter>Generated Files\Debug</Filter>
    </ClCompile>
    <ClCompile Include="GeneratedFiles\Debug\moc_rostertreeview.cpp">
      <Filter>Generated Files\Debug</Filter>
    </ClCompile>
    <ClCompile Include="rostertreeview.cpp">
      <Filter>RosterLogic</Filter>
    </ClCompile>
    <ClCompile Include="GeneratedFiles\Debug\moc_RosterTreeItemModel.cpp">
      <Filter>Generated Files\Debug</Filter>
    </ClCompile>
    <ClCompile Include="RosterTreeItemModel.cpp">
      <Filter>RosterLogic</Filter>
    </ClCompile>
    <ClCompile Include="GeneratedFiles\Debug\moc_RosterTreeItemSortProxyModel.cpp">
      <Filter>Generated Files\Debug</Filter>
    </ClCompile>
    <ClCompile Include="RosterTreeItemSortProxyModel.cpp">
      <Filter>RosterLogic</Filter>
    </ClCompile>
    <ClCompile Include="GeneratedFiles\Debug\moc_GroupListView.cpp">
      <Filter>Generated Files\Debug</Filter>
    </ClCompile>
    <ClCompile Include="GroupListView.cpp">
      <Filter>RosterLogic</Filter>
    </ClCompile>
    <ClCompile Include="GeneratedFiles\Debug\moc_GroupItem.cpp">
      <Filter>Generated Files\Debug</Filter>
    </ClCompile>
    <ClCompile Include="GroupItem.cpp">
      <Filter>RosterLogic</Filter>
    </ClCompile>
    <ClCompile Include="GeneratedFiles\Debug\moc_GroupItemModel.cpp">
      <Filter>Generated Files\Debug</Filter>
    </ClCompile>
    <ClCompile Include="GroupItemModel.cpp">
      <Filter>RosterLogic</Filter>
    </ClCompile>
    <ClCompile Include="ChatDialog.cpp">
      <Filter>Source Files</Filter>
    </ClCompile>
    <ClCompile Include="ConsoleDialog.cpp">
      <Filter>Source Files</Filter>
    </ClCompile>
    <ClCompile Include="logindialog.cpp">
      <Filter>Source Files</Filter>
    </ClCompile>
    <ClCompile Include="MainDialog.cpp">
      <Filter>Source Files</Filter>
    </ClCompile>
    <ClCompile Include="GroupChatDialog.cpp">
      <Filter>Source Files</Filter>
    </ClCompile>
    <ClCompile Include="GeneratedFiles\Debug\moc_GroupChatDialog.cpp">
      <Filter>Generated Files\Debug</Filter>
    </ClCompile>
    <ClCompile Include="TitlebarWidget.cpp">
      <Filter>Component</Filter>
    </ClCompile>
    <ClCompile Include="BaseChatDialog.cpp">
      <Filter>Source Files</Filter>
    </ClCompile>
    <ClCompile Include="GeneratedFiles\Debug\moc_BaseChatDialog.cpp">
      <Filter>Generated Files\Debug</Filter>
    </ClCompile>
    <ClCompile Include="GeneratedFiles\Debug\moc_GroupItemSortProxyModel.cpp">
      <Filter>Generated Files\Debug</Filter>
    </ClCompile>
    <ClCompile Include="GroupItemSortProxyModel.cpp">
      <Filter>RosterLogic</Filter>
    </ClCompile>
    <ClCompile Include="SelectContactDialog.cpp">
      <Filter>Source Files</Filter>
    </ClCompile>
    <ClCompile Include="GeneratedFiles\Debug\moc_SelectContactDialog.cpp">
      <Filter>Generated Files\Debug</Filter>
    </ClCompile>
    <ClCompile Include="SearchResultDialog.cpp">
      <Filter>Source Files</Filter>
    </ClCompile>
    <ClCompile Include="GeneratedFiles\Debug\moc_SearchResultDialog.cpp">
      <Filter>Generated Files\Debug</Filter>
    </ClCompile>
    <ClCompile Include="AddGroupDialog.cpp">
      <Filter>Source Files</Filter>
    </ClCompile>
    <ClCompile Include="GeneratedFiles\Debug\moc_AddGroupDialog.cpp">
      <Filter>Generated Files\Debug</Filter>
    </ClCompile>
    <ClCompile Include="EmotionDialog.cpp">
      <Filter>Source Files</Filter>
    </ClCompile>
    <ClCompile Include="GeneratedFiles\Debug\moc_EmotionDialog.cpp">
      <Filter>Generated Files\Debug</Filter>
    </ClCompile>
    <ClCompile Include="diywidgit\printscreen\ActionCommand.cpp">
      <Filter>自定义控件\00__聊天控件\00_聊天工具条\00_截图控件</Filter>
    </ClCompile>
    <ClCompile Include="diywidgit\printscreen\DrawTextDocumentHelper.cpp">
      <Filter>自定义控件\00__聊天控件\00_聊天工具条\00_截图控件</Filter>
    </ClCompile>
    <ClCompile Include="diywidgit\printscreen\floatTextEdit.cpp">
      <Filter>自定义控件\00__聊天控件\00_聊天工具条\00_截图控件</Filter>
    </ClCompile>
    <ClCompile Include="GeneratedFiles\Debug\moc_floatTextEdit.cpp">
      <Filter>Generated Files\Debug</Filter>
    </ClCompile>
    <ClCompile Include="diywidgit\printscreen\FullScreenPrivate.cpp">
      <Filter>自定义控件\00__聊天控件\00_聊天工具条\00_截图控件</Filter>
    </ClCompile>
    <ClCompile Include="diywidgit\printscreen\FullScreenWidget.cpp">
      <Filter>自定义控件\00__聊天控件\00_聊天工具条\00_截图控件</Filter>
    </ClCompile>
    <ClCompile Include="diywidgit\printscreen\SnipScreenTool.cpp">
      <Filter>自定义控件\00__聊天控件\00_聊天工具条\00_截图控件</Filter>
    </ClCompile>
    <ClCompile Include="GeneratedFiles\Debug\moc_SnipScreenTool.cpp">
      <Filter>Generated Files\Debug</Filter>
    </ClCompile>
    <ClCompile Include="GeneratedFiles\Debug\moc_FullScreenPrivate.cpp">
      <Filter>Generated Files\Debug</Filter>
    </ClCompile>
    <ClCompile Include="GeneratedFiles\Debug\moc_FullScreenWidget.cpp">
      <Filter>Generated Files\Debug</Filter>
    </ClCompile>
    <ClCompile Include="AboutDialog.cpp">
      <Filter>Source Files</Filter>
    </ClCompile>
    <ClCompile Include="GeneratedFiles\Debug\moc_AboutDialog.cpp">
      <Filter>Generated Files\Debug</Filter>
    </ClCompile>
    <ClCompile Include="Updateinfordialog.cpp">
      <Filter>Source Files</Filter>
    </ClCompile>
    <ClCompile Include="GeneratedFiles\Debug\moc_Updateinfordialog.cpp">
      <Filter>Generated Files\Debug</Filter>
    </ClCompile>
    <ClCompile Include="ProgressDialog.cpp">
      <Filter>Source Files</Filter>
    </ClCompile>
    <ClCompile Include="GeneratedFiles\Debug\moc_ProgressDialog.cpp">
      <Filter>Generated Files\Debug</Filter>
    </ClCompile>
    <ClCompile Include="GroupVisitorMVD.cpp">
      <Filter>MVC</Filter>
    </ClCompile>
    <ClCompile Include="GeneratedFiles\Debug\moc_GroupVisitorMVD.cpp">
      <Filter>Generated Files\Debug</Filter>
    </ClCompile>
    <ClCompile Include="MultiDialogContainer.cpp">
      <Filter>RosterLogic</Filter>
    </ClCompile>
    <ClCompile Include="GeneratedFiles\Debug\moc_MultiDialogContainer.cpp">
      <Filter>Generated Files\Debug</Filter>
    </ClCompile>
    <ClCompile Include="GeneratedFiles\Debug\moc_recentrosteritemmvd.cpp">
      <Filter>Generated Files\Debug</Filter>
    </ClCompile>
    <ClCompile Include="recentrosteritemmvd.cpp">
      <Filter>MVC</Filter>
    </ClCompile>
    <ClCompile Include="RecentItemView.cpp">
      <Filter>Component</Filter>
    </ClCompile>
    <ClCompile Include="GeneratedFiles\Debug\moc_RecentItemView.cpp">
      <Filter>Generated Files\Debug</Filter>
    </ClCompile>
    <ClCompile Include="GeneratedFiles\Debug\moc_atnoticetip.cpp">
      <Filter>Source Files</Filter>
    </ClCompile>
    <ClCompile Include="atnoticetip.cpp">
      <Filter>Component</Filter>
    </ClCompile>
    <ClCompile Include="group_setting.cpp">
      <Filter>Component</Filter>
    </ClCompile>
    <ClCompile Include="GeneratedFiles\Debug\moc_group_setting.cpp">
      <Filter>Generated Files\Debug</Filter>
    </ClCompile>
    <ClCompile Include="passwordinput.cpp">
      <Filter>Source Files</Filter>
    </ClCompile>
    <ClCompile Include="GeneratedFiles\Debug\moc_passwordinput.cpp">
      <Filter>Generated Files\Debug</Filter>
    </ClCompile>
    <ClCompile Include="localmanwidget.cpp">
      <Filter>Source Files</Filter>
    </ClCompile>
    <ClCompile Include="imageviewer.cpp">
      <Filter>Source Files</Filter>
    </ClCompile>
    <ClCompile Include="GeneratedFiles\Debug\moc_imageviewer.cpp">
      <Filter>Generated Files\Debug</Filter>
    </ClCompile>
    <ClCompile Include="ui_instance.cpp">
      <Filter>Source Files</Filter>
    </ClCompile>
    <ClCompile Include="group_setting.cpp">
      <Filter>Component</Filter>
    </ClCompile>
    <ClCompile Include="GeneratedFiles\Debug\moc_group_setting.cpp">
      <Filter>Generated Files\Debug</Filter>
    </ClCompile>
    <ClCompile Include="passwordinput.cpp">
      <Filter>Source Files</Filter>
    </ClCompile>
    <ClCompile Include="GeneratedFiles\Debug\moc_passwordinput.cpp">
      <Filter>Generated Files\Debug</Filter>
    </ClCompile>
    <ClCompile Include="localmanwidget.cpp">
      <Filter>Source Files</Filter>
    </ClCompile>
    <ClCompile Include="imageviewer.cpp">
      <Filter>Source Files</Filter>
    </ClCompile>
    <ClCompile Include="GeneratedFiles\Debug\moc_imageviewer.cpp">
      <Filter>Generated Files\Debug</Filter>
    </ClCompile>
    <ClCompile Include="ui_instance.cpp">
      <Filter>Source Files</Filter>
    </ClCompile>
    <ClCompile Include="sysmessagedialog.cpp">
      <Filter>Source Files</Filter>
    </ClCompile>
    <ClCompile Include="GeneratedFiles\Debug\moc_sysmessagedialog.cpp">
      <Filter>Generated Files\Debug</Filter>
    </ClCompile>
    <ClCompile Include="sendmethoddialog.cpp">
      <Filter>Source Files</Filter>
    </ClCompile>
    <ClCompile Include="GeneratedFiles\Debug\moc_sendmethoddialog.cpp">
      <Filter>Generated Files\Debug</Filter>
    </ClCompile>
    <ClCompile Include="mycustomitem.cpp">
      <Filter>Source Files</Filter>
    </ClCompile>
    <ClCompile Include="GeneratedFiles\Debug\moc_mycustomitem.cpp">
      <Filter>Generated Files\Debug</Filter>
    </ClCompile>
    <ClCompile Include="snipscreemtoolbar.cpp">
      <Filter>Source Files</Filter>
    </ClCompile>
    <ClCompile Include="GeneratedFiles\Debug\moc_snipscreemtoolbar.cpp">
      <Filter>Generated Files\Debug</Filter>
    </ClCompile>
    <ClCompile Include="GeneratedFiles\Debug\moc_ActionCommand.cpp">
      <Filter>Generated Files\Debug</Filter>
    </ClCompile>
    <ClCompile Include="GeneratedFiles\Debug\moc_groupvisitorsortproxymodel.cpp">
      <Filter>Generated Files\Debug</Filter>
    </ClCompile>
    <ClCompile Include="groupvisitorsortproxymodel.cpp">
      <Filter>RosterLogic</Filter>
    </ClCompile>
    <ClCompile Include="groupmanagerdialog.cpp">
      <Filter>Source Files</Filter>
    </ClCompile>
    <ClCompile Include="GeneratedFiles\Debug\moc_groupmanagerdialog.cpp">
      <Filter>Generated Files\Debug</Filter>
    </ClCompile>
    <ClCompile Include="amrgit\VoiceHelper.cpp">
      <Filter>3rd\amr</Filter>
    </ClCompile>
    <ClCompile Include="amrgit\wavreader.c">
      <Filter>3rd\amr</Filter>
    </ClCompile>
    <ClCompile Include="amrgit\AudioPlayer.cpp">
      <Filter>3rd\amr</Filter>
    </ClCompile>
    <ClCompile Include="amrgit\WavOutput.cpp">
      <Filter>3rd\amr</Filter>
    </ClCompile>
    <ClCompile Include="GeneratedFiles\Debug\moc_AudioPlayer.cpp">
      <Filter>Generated Files\Debug</Filter>
    </ClCompile>
    <ClCompile Include="GeneratedFiles\Debug\moc_WavOutput.cpp">
      <Filter>Generated Files\Debug</Filter>
    </ClCompile>
    <ClCompile Include="createnewgroup.cpp">
      <Filter>Source Files</Filter>
    </ClCompile>
    <ClCompile Include="GeneratedFiles\Debug\moc_createnewgroup.cpp">
      <Filter>Generated Files\Debug</Filter>
    </ClCompile>
    <ClCompile Include="..\3rd\hotkey\MyGlobalShortCut.cpp">
      <Filter>3rd\hotKey</Filter>
    </ClCompile>
    <ClCompile Include="GeneratedFiles\Debug\moc_MyGlobalShortCut.cpp">
      <Filter>Generated Files\Debug</Filter>
    </ClCompile>
    <ClCompile Include="..\3rd\hotkey\MyWinEventFilter.cpp">
      <Filter>3rd\hotKey</Filter>
    </ClCompile>
    <ClCompile Include="settinghotkeydialog.cpp">
      <Filter>Source Files</Filter>
    </ClCompile>
    <ClCompile Include="GeneratedFiles\Debug\moc_settinghotkeydialog.cpp">
      <Filter>Generated Files\Debug</Filter>
    </ClCompile>
    <ClCompile Include="draggablewebview.cpp">
      <Filter>Source Files</Filter>
    </ClCompile>
    <ClCompile Include="GeneratedFiles\Debug\moc_draggablewebview.cpp">
      <Filter>Generated Files\Debug</Filter>
    </ClCompile>
    <ClCompile Include="GeneratedFiles\Release\moc_AboutDialog.cpp">
      <Filter>Generated Files\Release</Filter>
    </ClCompile>
    <ClCompile Include="GeneratedFiles\Release\moc_ActionCommand.cpp">
      <Filter>Generated Files\Release</Filter>
    </ClCompile>
    <ClCompile Include="GeneratedFiles\Release\moc_AddGroupDialog.cpp">
      <Filter>Generated Files\Release</Filter>
    </ClCompile>
    <ClCompile Include="GeneratedFiles\Release\moc_atnoticetip.cpp">
      <Filter>Generated Files\Release</Filter>
    </ClCompile>
    <ClCompile Include="GeneratedFiles\Release\moc_AudioPlayer.cpp">
      <Filter>Generated Files\Release</Filter>
    </ClCompile>
    <ClCompile Include="GeneratedFiles\Release\moc_BaseChatDialog.cpp">
      <Filter>Generated Files\Release</Filter>
    </ClCompile>
    <ClCompile Include="GeneratedFiles\Release\moc_ChatCommObject.cpp">
      <Filter>Generated Files\Release</Filter>
    </ClCompile>
    <ClCompile Include="GeneratedFiles\Release\moc_ChatDialog.cpp">
      <Filter>Generated Files\Release</Filter>
    </ClCompile>
    <ClCompile Include="GeneratedFiles\Release\moc_ConsoleDialog.cpp">
      <Filter>Generated Files\Release</Filter>
    </ClCompile>
    <ClCompile Include="GeneratedFiles\Release\moc_createnewgroup.cpp">
      <Filter>Generated Files\Release</Filter>
    </ClCompile>
    <ClCompile Include="GeneratedFiles\Release\moc_DealMessageBox.cpp">
      <Filter>Generated Files\Release</Filter>
    </ClCompile>
    <ClCompile Include="GeneratedFiles\Release\moc_DemoDialog.cpp">
      <Filter>Generated Files\Release</Filter>
    </ClCompile>
    <ClCompile Include="GeneratedFiles\Release\moc_DisplayTextBrowser.cpp">
      <Filter>Generated Files\Release</Filter>
    </ClCompile>
    <ClCompile Include="GeneratedFiles\Release\moc_draggablewebview.cpp">
      <Filter>Generated Files\Release</Filter>
    </ClCompile>
    <ClCompile Include="GeneratedFiles\Release\moc_EmotionDialog.cpp">
      <Filter>Generated Files\Release</Filter>
    </ClCompile>
    <ClCompile Include="GeneratedFiles\Release\moc_floatTextEdit.cpp">
      <Filter>Generated Files\Release</Filter>
    </ClCompile>
    <ClCompile Include="GeneratedFiles\Release\moc_Framework_p.cpp">
      <Filter>Generated Files\Release</Filter>
    </ClCompile>
    <ClCompile Include="GeneratedFiles\Release\moc_FullScreenPrivate.cpp">
      <Filter>Generated Files\Release</Filter>
    </ClCompile>
    <ClCompile Include="GeneratedFiles\Release\moc_FullScreenWidget.cpp">
      <Filter>Generated Files\Release</Filter>
    </ClCompile>
    <ClCompile Include="GeneratedFiles\Release\moc_group_setting.cpp">
      <Filter>Generated Files\Release</Filter>
    </ClCompile>
    <ClCompile Include="GeneratedFiles\Release\moc_GroupChatDialog.cpp">
      <Filter>Generated Files\Release</Filter>
    </ClCompile>
    <ClCompile Include="GeneratedFiles\Release\moc_GroupItem.cpp">
      <Filter>Generated Files\Release</Filter>
    </ClCompile>
    <ClCompile Include="GeneratedFiles\Release\moc_GroupItemModel.cpp">
      <Filter>Generated Files\Release</Filter>
    </ClCompile>
    <ClCompile Include="GeneratedFiles\Release\moc_GroupItemSortProxyModel.cpp">
      <Filter>Generated Files\Release</Filter>
    </ClCompile>
    <ClCompile Include="GeneratedFiles\Release\moc_GroupListView.cpp">
      <Filter>Generated Files\Release</Filter>
    </ClCompile>
    <ClCompile Include="GeneratedFiles\Release\moc_groupmanagerdialog.cpp">
      <Filter>Generated Files\Release</Filter>
    </ClCompile>
    <ClCompile Include="GeneratedFiles\Release\moc_GroupVisitorMVD.cpp">
      <Filter>Generated Files\Release</Filter>
    </ClCompile>
    <ClCompile Include="GeneratedFiles\Release\moc_groupvisitorsortproxymodel.cpp">
      <Filter>Generated Files\Release</Filter>
    </ClCompile>
    <ClCompile Include="GeneratedFiles\Release\moc_imageviewer.cpp">
      <Filter>Generated Files\Release</Filter>
    </ClCompile>
    <ClCompile Include="GeneratedFiles\Release\moc_LineEdit.cpp">
      <Filter>Generated Files\Release</Filter>
    </ClCompile>
    <ClCompile Include="GeneratedFiles\Release\moc_LocalManDialog.cpp">
      <Filter>Generated Files\Release</Filter>
    </ClCompile>
    <ClCompile Include="GeneratedFiles\Release\moc_logindialog.cpp">
      <Filter>Generated Files\Release</Filter>
    </ClCompile>
    <ClCompile Include="GeneratedFiles\Release\moc_LoginWidget.cpp">
      <Filter>Generated Files\Release</Filter>
    </ClCompile>
    <ClCompile Include="GeneratedFiles\Release\moc_MainDialog.cpp">
      <Filter>Generated Files\Release</Filter>
    </ClCompile>
    <ClCompile Include="GeneratedFiles\Release\moc_MainWidget.cpp">
      <Filter>Generated Files\Release</Filter>
    </ClCompile>
    <ClCompile Include="GeneratedFiles\Release\moc_MultiDialogContainer.cpp">
      <Filter>Generated Files\Release</Filter>
    </ClCompile>
    <ClCompile Include="GeneratedFiles\Release\moc_mycustomitem.cpp">
      <Filter>Generated Files\Release</Filter>
    </ClCompile>
    <ClCompile Include="GeneratedFiles\Release\moc_MyGlobalShortCut.cpp">
      <Filter>Generated Files\Release</Filter>
    </ClCompile>
    <ClCompile Include="GeneratedFiles\Release\moc_NotifyWindow.cpp">
      <Filter>Generated Files\Release</Filter>
    </ClCompile>
    <ClCompile Include="GeneratedFiles\Release\moc_passwordinput.cpp">
      <Filter>Generated Files\Release</Filter>
    </ClCompile>
    <ClCompile Include="GeneratedFiles\Release\moc_ProgressDialog.cpp">
      <Filter>Generated Files\Release</Filter>
    </ClCompile>
    <ClCompile Include="GeneratedFiles\Release\moc_qhyperlink.cpp">
      <Filter>Generated Files\Release</Filter>
    </ClCompile>
    <ClCompile Include="GeneratedFiles\Release\moc_QPromptEdit.cpp">
      <Filter>Generated Files\Release</Filter>
    </ClCompile>
    <ClCompile Include="GeneratedFiles\Release\moc_RecentItemView.cpp">
      <Filter>Generated Files\Release</Filter>
    </ClCompile>
    <ClCompile Include="GeneratedFiles\Release\moc_recentrosteritemmvd.cpp">
      <Filter>Generated Files\Release</Filter>
    </ClCompile>
    <ClCompile Include="GeneratedFiles\Release\moc_rosterItem.cpp">
      <Filter>Generated Files\Release</Filter>
    </ClCompile>
    <ClCompile Include="GeneratedFiles\Release\moc_rosterItemModel.cpp">
      <Filter>Generated Files\Release</Filter>
    </ClCompile>
    <ClCompile Include="GeneratedFiles\Release\moc_rosterItemSortFilterProxyModel.cpp">
      <Filter>Generated Files\Release</Filter>
    </ClCompile>
    <ClCompile Include="GeneratedFiles\Release\moc_rosterListView.cpp">
      <Filter>Generated Files\Release</Filter>
    </ClCompile>
    <ClCompile Include="GeneratedFiles\Release\moc_RosterTreeItemModel.cpp">
      <Filter>Generated Files\Release</Filter>
    </ClCompile>
    <ClCompile Include="GeneratedFiles\Release\moc_RosterTreeItemSortProxyModel.cpp">
      <Filter>Generated Files\Release</Filter>
    </ClCompile>
    <ClCompile Include="GeneratedFiles\Release\moc_rostertreeview.cpp">
      <Filter>Generated Files\Release</Filter>
    </ClCompile>
    <ClCompile Include="GeneratedFiles\Release\moc_SearchResultDialog.cpp">
      <Filter>Generated Files\Release</Filter>
    </ClCompile>
    <ClCompile Include="GeneratedFiles\Release\moc_SelectContactDialog.cpp">
      <Filter>Generated Files\Release</Filter>
    </ClCompile>
    <ClCompile Include="GeneratedFiles\Release\moc_sendmethoddialog.cpp">
      <Filter>Generated Files\Release</Filter>
    </ClCompile>
    <ClCompile Include="GeneratedFiles\Release\moc_SettingDetail.cpp">
      <Filter>Generated Files\Release</Filter>
    </ClCompile>
    <ClCompile Include="GeneratedFiles\Release\moc_settinghotkeydialog.cpp">
      <Filter>Generated Files\Release</Filter>
    </ClCompile>
    <ClCompile Include="GeneratedFiles\Release\moc_SettingTabView.cpp">
      <Filter>Generated Files\Release</Filter>
    </ClCompile>
    <ClCompile Include="GeneratedFiles\Release\moc_snipscreemtoolbar.cpp">
      <Filter>Generated Files\Release</Filter>
    </ClCompile>
    <ClCompile Include="GeneratedFiles\Release\moc_SnipScreenTool.cpp">
      <Filter>Generated Files\Release</Filter>
    </ClCompile>
    <ClCompile Include="GeneratedFiles\Release\moc_StatusButton.cpp">
      <Filter>Generated Files\Release</Filter>
    </ClCompile>
    <ClCompile Include="GeneratedFiles\Release\moc_sysmessagedialog.cpp">
      <Filter>Generated Files\Release</Filter>
    </ClCompile>
    <ClCompile Include="GeneratedFiles\Release\moc_SystemIcon.cpp">
      <Filter>Generated Files\Release</Filter>
    </ClCompile>
    <ClCompile Include="GeneratedFiles\Release\moc_TextEdit.cpp">
      <Filter>Generated Files\Release</Filter>
    </ClCompile>
    <ClCompile Include="GeneratedFiles\Release\moc_TitlebarWidget.cpp">
      <Filter>Generated Files\Release</Filter>
    </ClCompile>
    <ClCompile Include="GeneratedFiles\Release\moc_Updateinfordialog.cpp">
      <Filter>Generated Files\Release</Filter>
    </ClCompile>
    <ClCompile Include="GeneratedFiles\Release\moc_WavOutput.cpp">
      <Filter>Generated Files\Release</Filter>
    </ClCompile>
    <ClCompile Include="GeneratedFiles\Release\moc_WebPage.cpp">
      <Filter>Generated Files\Release</Filter>
    </ClCompile>
    <ClCompile Include="GeneratedFiles\Release\moc_WebViewCommObject.cpp">
      <Filter>Generated Files\Release</Filter>
    </ClCompile>
    <ClCompile Include="newsdialog.cpp">
      <Filter>Source Files</Filter>
    </ClCompile>
    <ClCompile Include="GeneratedFiles\Debug\moc_newsdialog.cpp">
      <Filter>Generated Files\Debug</Filter>
    </ClCompile>
    <ClCompile Include="GeneratedFiles\Release\moc_newsdialog.cpp">
      <Filter>Generated Files\Release</Filter>
    </ClCompile>
    <ClCompile Include="userminiprofile.cpp">
      <Filter>Source Files</Filter>
    </ClCompile>
    <ClCompile Include="GeneratedFiles\Debug\moc_userminiprofile.cpp">
      <Filter>Generated Files\Debug</Filter>
    </ClCompile>
    <ClCompile Include="GeneratedFiles\Release\moc_userminiprofile.cpp">
      <Filter>Generated Files\Release</Filter>
    </ClCompile>
    <ClCompile Include="GeneratedFiles\Debug\moc_Mycombobox.cpp">
      <Filter>Generated Files\Debug</Filter>
    </ClCompile>
    <ClCompile Include="GeneratedFiles\Release\moc_Mycombobox.cpp">
      <Filter>Generated Files\Release</Filter>
    </ClCompile>
    <ClCompile Include="Mycombobox.cpp">
      <Filter>Component</Filter>
    </ClCompile>
    <ClCompile Include="Myspinbox.cpp">
      <Filter>Source Files</Filter>
    </ClCompile>
    <ClCompile Include="GeneratedFiles\Debug\moc_Myspinbox.cpp">
      <Filter>Generated Files\Debug</Filter>
    </ClCompile>
    <ClCompile Include="GeneratedFiles\Release\moc_Myspinbox.cpp">
      <Filter>Generated Files\Release</Filter>
    </ClCompile>
    <ClCompile Include="Emotiontabdialog.cpp">
      <Filter>Source Files</Filter>
    </ClCompile>
    <ClCompile Include="GeneratedFiles\Debug\moc_Emotiontabdialog.cpp">
      <Filter>Generated Files\Debug</Filter>
    </ClCompile>
    <ClCompile Include="GeneratedFiles\Release\moc_Emotiontabdialog.cpp">
      <Filter>Generated Files\Release</Filter>
    </ClCompile>
    <ClCompile Include="GeneratedFiles\Debug\moc_Emotionpushbutton.cpp">
      <Filter>Generated Files\Debug</Filter>
    </ClCompile>
    <ClCompile Include="GeneratedFiles\Release\moc_Emotionpushbutton.cpp">
      <Filter>Generated Files\Release</Filter>
    </ClCompile>
    <ClCompile Include="Emotionpushbutton.cpp">
      <Filter>Component</Filter>
    </ClCompile>
    <ClCompile Include="Customdmotiondialog.cpp">
      <Filter>Source Files</Filter>
    </ClCompile>
    <ClCompile Include="GeneratedFiles\Debug\moc_Customdmotiondialog.cpp">
      <Filter>Generated Files\Debug</Filter>
    </ClCompile>
    <ClCompile Include="GeneratedFiles\Release\moc_Customdmotiondialog.cpp">
      <Filter>Generated Files\Release</Filter>
    </ClCompile>
    <ClCompile Include="conversationlistwidget.cpp">
      <Filter>Source Files</Filter>
    </ClCompile>
    <ClCompile Include="GeneratedFiles\Debug\moc_conversationlistwidget.cpp">
      <Filter>Generated Files\Debug</Filter>
    </ClCompile>
    <ClCompile Include="GeneratedFiles\Release\moc_conversationlistwidget.cpp">
      <Filter>Generated Files\Release</Filter>
    </ClCompile>
    <ClCompile Include="minichatinfo.cpp">
      <Filter>Source Files</Filter>
    </ClCompile>
    <ClCompile Include="GeneratedFiles\Debug\moc_minichatinfo.cpp">
      <Filter>Generated Files\Debug</Filter>
    </ClCompile>
    <ClCompile Include="GeneratedFiles\Release\moc_minichatinfo.cpp">
      <Filter>Generated Files\Release</Filter>
    </ClCompile>
    <ClCompile Include="Historyrecorddialog.cpp">
      <Filter>Source Files</Filter>
    </ClCompile>
    <ClCompile Include="GeneratedFiles\Debug\moc_Historyrecorddialog.cpp">
      <Filter>Generated Files\Debug</Filter>
    </ClCompile>
    <ClCompile Include="GeneratedFiles\Release\moc_Historyrecorddialog.cpp">
      <Filter>Generated Files\Release</Filter>
    </ClCompile>
    <ClCompile Include="Historyrecordmodel.cpp">
      <Filter>Source Files</Filter>
    </ClCompile>
    <ClCompile Include="GeneratedFiles\Debug\moc_Historyrecordmodel.cpp">
      <Filter>Generated Files\Debug</Filter>
    </ClCompile>
    <ClCompile Include="GeneratedFiles\Release\moc_Historyrecordmodel.cpp">
      <Filter>Generated Files\Release</Filter>
    </ClCompile>
    <ClCompile Include="Tableview.cpp">
      <Filter>Source Files</Filter>
    </ClCompile>
    <ClCompile Include="GeneratedFiles\Debug\moc_Tableview.cpp">
      <Filter>Generated Files\Debug</Filter>
    </ClCompile>
    <ClCompile Include="GeneratedFiles\Release\moc_Tableview.cpp">
      <Filter>Generated Files\Release</Filter>
    </ClCompile>
    <ClCompile Include="presencechangewidget.cpp">
      <Filter>Source Files</Filter>
    </ClCompile>
    <ClCompile Include="GeneratedFiles\Debug\moc_presencechangewidget.cpp">
      <Filter>Generated Files\Debug</Filter>
    </ClCompile>
    <ClCompile Include="GeneratedFiles\Release\moc_presencechangewidget.cpp">
      <Filter>Generated Files\Release</Filter>
    </ClCompile>
    <ClCompile Include="gloableeventobject.cpp">
      <Filter>Source Files</Filter>
    </ClCompile>
    <ClCompile Include="GeneratedFiles\Debug\moc_gloableeventobject.cpp">
      <Filter>Generated Files\Debug</Filter>
    </ClCompile>
    <ClCompile Include="GeneratedFiles\Release\moc_gloableeventobject.cpp">
      <Filter>Generated Files\Release</Filter>
    </ClCompile>
    <ClCompile Include="Chatwebinfordialog.cpp">
      <Filter>Source Files</Filter>
    </ClCompile>
    <ClCompile Include="GeneratedFiles\Debug\moc_Chatwebinfordialog.cpp">
      <Filter>Generated Files\Debug</Filter>
    </ClCompile>
    <ClCompile Include="GeneratedFiles\Release\moc_Chatwebinfordialog.cpp">
      <Filter>Generated Files\Release</Filter>
    </ClCompile>
    <ClCompile Include="Personinfordialog.cpp">
      <Filter>Source Files</Filter>
    </ClCompile>
    <ClCompile Include="GeneratedFiles\Debug\moc_Personinfordialog.cpp">
      <Filter>Generated Files\Debug</Filter>
    </ClCompile>
    <ClCompile Include="GeneratedFiles\Release\moc_Personinfordialog.cpp">
      <Filter>Generated Files\Release</Filter>
    </ClCompile>
    <ClCompile Include="Quickreplymsgdialog.cpp">
      <Filter>Source Files</Filter>
    </ClCompile>
    <ClCompile Include="GeneratedFiles\Debug\moc_Quickreplymsgdialog.cpp">
      <Filter>Generated Files\Debug</Filter>
    </ClCompile>
    <ClCompile Include="GeneratedFiles\Release\moc_Quickreplymsgdialog.cpp">
      <Filter>Generated Files\Release</Filter>
    </ClCompile>
    <ClCompile Include="Transferchatdialog.cpp">
      <Filter>Source Files</Filter>
    </ClCompile>
    <ClCompile Include="GeneratedFiles\Debug\moc_Transferchatdialog.cpp">
      <Filter>Generated Files\Debug</Filter>
    </ClCompile>
    <ClCompile Include="GeneratedFiles\Release\moc_Transferchatdialog.cpp">
      <Filter>Generated Files\Release</Filter>
    </ClCompile>
    <ClCompile Include="GeneratedFiles\Debug\moc_JoinGroupFailedDialog.cpp">
      <Filter>Generated Files\Debug</Filter>
    </ClCompile>
    <ClCompile Include="GeneratedFiles\Release\moc_JoinGroupFailedDialog.cpp">
      <Filter>Generated Files\Release</Filter>
    </ClCompile>
    <ClCompile Include="joingroupfaileddialog.cpp">
      <Filter>Source Files</Filter>
    </ClCompile>
    <ClCompile Include="GeneratedFiles\Debug\moc_trayiconhovernoticewidget.cpp">
      <Filter>Generated Files\Debug</Filter>
    </ClCompile>
    <ClCompile Include="GeneratedFiles\Release\moc_trayiconhovernoticewidget.cpp">
      <Filter>Generated Files\Release</Filter>
    </ClCompile>
    <ClCompile Include="trayiconhovernoticewidget.cpp">
      <Filter>Source Files</Filter>
    </ClCompile>
    <ClCompile Include="statictext.cpp">
      <Filter>Source Files</Filter>
    </ClCompile>
    <ClCompile Include="GeneratedFiles\Debug\moc_statictext.cpp">
      <Filter>Generated Files\Debug</Filter>
    </ClCompile>
    <ClCompile Include="GeneratedFiles\Release\moc_statictext.cpp">
      <Filter>Generated Files\Release</Filter>
    </ClCompile>
    <ClCompile Include="slidingstackedwidget.cpp">
      <Filter>Source Files</Filter>
    </ClCompile>
    <ClCompile Include="GeneratedFiles\Debug\moc_slidingstackedwidget.cpp">
      <Filter>Generated Files\Debug</Filter>
    </ClCompile>
    <ClCompile Include="GeneratedFiles\Release\moc_slidingstackedwidget.cpp">
      <Filter>Generated Files\Release</Filter>
    </ClCompile>
    <ClCompile Include="MultiDialogContainer.reconn.cpp">
      <Filter>Source Files</Filter>
    </ClCompile>
    <ClCompile Include="Personinfor_employdialog.cpp">
      <Filter>Source Files</Filter>
    </ClCompile>
    <ClCompile Include="GeneratedFiles\Debug\moc_Personinfor_employdialog.cpp">
      <Filter>Generated Files\Debug</Filter>
    </ClCompile>
    <ClCompile Include="GeneratedFiles\Release\moc_Personinfor_employdialog.cpp">
      <Filter>Generated Files\Release</Filter>
    </ClCompile>
    <ClCompile Include="Ordermanagedialog.cpp">
      <Filter>Source Files</Filter>
    </ClCompile>
    <ClCompile Include="GeneratedFiles\Debug\moc_Ordermanagedialog.cpp">
      <Filter>Generated Files\Debug</Filter>
    </ClCompile>
    <ClCompile Include="GeneratedFiles\Release\moc_Ordermanagedialog.cpp">
      <Filter>Generated Files\Release</Filter>
    </ClCompile>
    <ClCompile Include="..\3rd\quazip\JlCompress.cpp">
      <Filter>3rd\quazip</Filter>
    </ClCompile>
    <ClCompile Include="..\3rd\quazip\qioapi.cpp">
      <Filter>3rd\quazip</Filter>
    </ClCompile>
    <ClCompile Include="..\3rd\quazip\quaadler32.cpp">
      <Filter>3rd\quazip</Filter>
    </ClCompile>
    <ClCompile Include="..\3rd\quazip\quacrc32.cpp">
      <Filter>3rd\quazip</Filter>
    </ClCompile>
    <ClCompile Include="..\3rd\quazip\quagzipfile.cpp">
      <Filter>3rd\quazip</Filter>
    </ClCompile>
    <ClCompile Include="GeneratedFiles\Debug\moc_quagzipfile.cpp">
      <Filter>Generated Files\Debug</Filter>
    </ClCompile>
    <ClCompile Include="GeneratedFiles\Release\moc_quagzipfile.cpp">
      <Filter>Generated Files\Release</Filter>
    </ClCompile>
    <ClCompile Include="..\3rd\quazip\quaziodevice.cpp">
      <Filter>3rd\quazip</Filter>
    </ClCompile>
    <ClCompile Include="GeneratedFiles\Debug\moc_quaziodevice.cpp">
      <Filter>Generated Files\Debug</Filter>
    </ClCompile>
    <ClCompile Include="GeneratedFiles\Release\moc_quaziodevice.cpp">
      <Filter>Generated Files\Release</Filter>
    </ClCompile>
    <ClCompile Include="..\3rd\quazip\quazip.cpp">
      <Filter>3rd\quazip</Filter>
    </ClCompile>
    <ClCompile Include="..\3rd\quazip\quazipdir.cpp">
      <Filter>3rd\quazip</Filter>
    </ClCompile>
    <ClCompile Include="..\3rd\quazip\quazipfile.cpp">
      <Filter>3rd\quazip</Filter>
    </ClCompile>
    <ClCompile Include="GeneratedFiles\Debug\moc_quazipfile.cpp">
      <Filter>Generated Files\Debug</Filter>
    </ClCompile>
    <ClCompile Include="GeneratedFiles\Release\moc_quazipfile.cpp">
      <Filter>Generated Files\Release</Filter>
    </ClCompile>
    <ClCompile Include="..\3rd\quazip\quazipfileinfo.cpp">
      <Filter>3rd\quazip</Filter>
    </ClCompile>
    <ClCompile Include="..\3rd\quazip\quazipnewinfo.cpp">
      <Filter>3rd\quazip</Filter>
    </ClCompile>
    <ClCompile Include="..\3rd\quazip\unzip.c">
      <Filter>3rd\quazip</Filter>
    </ClCompile>
    <ClCompile Include="..\3rd\quazip\zip.c">
      <Filter>3rd\quazip</Filter>
    </ClCompile>
    <ClCompile Include="GeneratedFiles\Debug\moc_groupscontroller.cpp">
      <Filter>Generated Files\Debug</Filter>
    </ClCompile>
    <ClCompile Include="GeneratedFiles\Release\moc_groupscontroller.cpp">
      <Filter>Generated Files\Release</Filter>
    </ClCompile>
    <ClCompile Include="groupscontroller.cpp">
      <Filter>Source Files</Filter>
    </ClCompile>
    <ClCompile Include="..\LocalManBiz\WebService.cpp">
      <Filter>Source Files</Filter>
    </ClCompile>
    <ClCompile Include="diywidgit\cefclient\cefclient.cpp">
      <Filter>Source Files</Filter>
    </ClCompile>
    <ClCompile Include="diywidgit\cefclient\cefclient_qt.cpp">
      <Filter>Source Files</Filter>
    </ClCompile>
    <ClCompile Include="diywidgit\cefclient\client_app.cpp">
      <Filter>Source Files</Filter>
    </ClCompile>
    <ClCompile Include="diywidgit\cefclient\client_app_delegates.cpp">
      <Filter>Source Files</Filter>
    </ClCompile>
    <ClCompile Include="diywidgit\cefclient\client_binding.cpp">
      <Filter>Source Files</Filter>
    </ClCompile>
    <ClCompile Include="diywidgit\cefclient\client_handler.cpp">
      <Filter>Source Files</Filter>
    </ClCompile>
    <ClCompile Include="diywidgit\cefclient\client_handler_qt.cpp">
      <Filter>Source Files</Filter>
    </ClCompile>
    <ClCompile Include="diywidgit\cefclient\client_renderer.cpp">
      <Filter>Source Files</Filter>
    </ClCompile>
    <ClCompile Include="diywidgit\cefclient\client_transfer.cpp">
      <Filter>Source Files</Filter>
    </ClCompile>
    <ClCompile Include="diywidgit\cefclient\message_event.cpp">
      <Filter>Source Files</Filter>
    </ClCompile>
    <ClCompile Include="diywidgit\cefclient\qcefwebview.cpp">
      <Filter>Source Files</Filter>
    </ClCompile>
    <ClCompile Include="GeneratedFiles\Debug\moc_qcefwebview.cpp">
      <Filter>Generated Files\Debug</Filter>
    </ClCompile>
    <ClCompile Include="GeneratedFiles\Release\moc_qcefwebview.cpp">
      <Filter>Generated Files\Release</Filter>
    </ClCompile>
    <ClCompile Include="quickrepysetting.cpp">
      <Filter>Source Files</Filter>
    </ClCompile>
    <ClCompile Include="GeneratedFiles\Debug\moc_quickrepysetting.cpp">
      <Filter>Generated Files\Debug</Filter>
    </ClCompile>
    <ClCompile Include="GeneratedFiles\Release\moc_quickrepysetting.cpp">
      <Filter>Generated Files\Release</Filter>
    </ClCompile>
    <ClCompile Include="quickreplyedititemdlg.cpp">
      <Filter>Source Files</Filter>
    </ClCompile>
    <ClCompile Include="GeneratedFiles\Debug\moc_quickreplyedititemdlg.cpp">
      <Filter>Generated Files\Debug</Filter>
    </ClCompile>
    <ClCompile Include="GeneratedFiles\Release\moc_quickreplyedititemdlg.cpp">
      <Filter>Generated Files\Release</Filter>
    </ClCompile>
    <ClCompile Include="groupmemberinput.cpp">
      <Filter>Source Files</Filter>
    </ClCompile>
    <ClCompile Include="GeneratedFiles\Debug\moc_groupmemberinput.cpp">
      <Filter>Generated Files\Debug</Filter>
    </ClCompile>
    <ClCompile Include="GeneratedFiles\Release\moc_groupmemberinput.cpp">
      <Filter>Generated Files\Release</Filter>
    </ClCompile>
  </ItemGroup>
  <ItemGroup>
    <CustomBuild Include="localman.qrc">
      <Filter>Resource Files</Filter>
    </CustomBuild>
    <CustomBuild Include="Framework_p.h">
      <Filter>Header Files</Filter>
    </CustomBuild>
    <CustomBuild Include="MainDialog.ui">
      <Filter>Form Files</Filter>
    </CustomBuild>
    <CustomBuild Include="LoginWidget.ui">
      <Filter>Form Files</Filter>
    </CustomBuild>
    <CustomBuild Include="MainWidget.ui">
      <Filter>Form Files</Filter>
    </CustomBuild>
    <CustomBuild Include="ConsoleDialog.ui">
      <Filter>Form Files</Filter>
    </CustomBuild>
    <CustomBuild Include="rosterItemSortFilterProxyModel.h">
      <Filter>RosterLogic</Filter>
    </CustomBuild>
    <CustomBuild Include="rosterItem.h">
      <Filter>RosterLogic</Filter>
    </CustomBuild>
    <CustomBuild Include="rosterListView.h">
      <Filter>RosterLogic</Filter>
    </CustomBuild>
    <CustomBuild Include="MainWidget.h">
      <Filter>Component</Filter>
    </CustomBuild>
    <CustomBuild Include="LoginWidget.h">
      <Filter>Component</Filter>
    </CustomBuild>
    <CustomBuild Include="ChatDialog.ui">
      <Filter>Form Files</Filter>
    </CustomBuild>
    <CustomBuild Include="DemoDialog.h">
      <Filter>Header Files</Filter>
    </CustomBuild>
    <CustomBuild Include="DemoDialog.ui">
      <Filter>Form Files</Filter>
    </CustomBuild>
    <CustomBuild Include="TitlebarWidget.ui">
      <Filter>Form Files</Filter>
    </CustomBuild>
    <CustomBuild Include="LocalManDialog.h">
      <Filter>Header Files</Filter>
    </CustomBuild>
    <CustomBuild Include="SystemIcon.h">
      <Filter>Header Files</Filter>
    </CustomBuild>
    <CustomBuild Include="DisplayTextBrowser.h">
      <Filter>Header Files</Filter>
    </CustomBuild>
    <CustomBuild Include="WebViewCommObject.h">
      <Filter>Header Files</Filter>
    </CustomBuild>
    <CustomBuild Include="ChatCommObject.h">
      <Filter>Header Files</Filter>
    </CustomBuild>
    <CustomBuild Include="qhyperlink.ui">
      <Filter>Form Files</Filter>
    </CustomBuild>
    <CustomBuild Include="qhyperlink.h">
      <Filter>Component</Filter>
    </CustomBuild>
    <CustomBuild Include="QPromptEdit.h">
      <Filter>Component</Filter>
    </CustomBuild>
    <CustomBuild Include="NotifyWindow.ui">
      <Filter>Form Files</Filter>
    </CustomBuild>
    <CustomBuild Include="NotifyWindow.h">
      <Filter>Header Files</Filter>
    </CustomBuild>
    <CustomBuild Include="SettingTabView.h">
      <Filter>Header Files</Filter>
    </CustomBuild>
    <CustomBuild Include="SettingTabView.ui">
      <Filter>Form Files</Filter>
    </CustomBuild>
    <CustomBuild Include="SettingDetail.h">
      <Filter>Header Files</Filter>
    </CustomBuild>
    <CustomBuild Include="SettingDetail.ui">
      <Filter>Form Files</Filter>
    </CustomBuild>
    <CustomBuild Include="LineEdit.h">
      <Filter>Component</Filter>
    </CustomBuild>
    <CustomBuild Include="TextEdit.h">
      <Filter>Component</Filter>
    </CustomBuild>
    <CustomBuild Include="WebPage.h">
      <Filter>Component</Filter>
    </CustomBuild>
    <CustomBuild Include="StatusButton.h">
      <Filter>Component</Filter>
    </CustomBuild>
    <CustomBuild Include="rosterItemModel.h">
      <Filter>RosterLogic</Filter>
    </CustomBuild>
    <CustomBuild Include="DealMessageBox.h">
      <Filter>Header Files</Filter>
    </CustomBuild>
    <CustomBuild Include="DealMessageBox.ui">
      <Filter>Form Files</Filter>
    </CustomBuild>
    <CustomBuild Include="BookingDialog.ui">
      <Filter>Form Files</Filter>
    </CustomBuild>
    <CustomBuild Include="logindialog.ui">
      <Filter>Form Files</Filter>
    </CustomBuild>
    <CustomBuild Include="rostertreeview.ui">
      <Filter>Form Files</Filter>
    </CustomBuild>
    <CustomBuild Include="rostertreeview.h">
      <Filter>RosterLogic</Filter>
    </CustomBuild>
    <CustomBuild Include="RosterTreeItemModel.h">
      <Filter>RosterLogic</Filter>
    </CustomBuild>
    <CustomBuild Include="RosterTreeItemSortProxyModel.h">
      <Filter>RosterLogic</Filter>
    </CustomBuild>
    <CustomBuild Include="GroupListView.h">
      <Filter>RosterLogic</Filter>
    </CustomBuild>
    <CustomBuild Include="GroupItem.h">
      <Filter>RosterLogic</Filter>
    </CustomBuild>
    <CustomBuild Include="GroupItemModel.h">
      <Filter>RosterLogic</Filter>
    </CustomBuild>
    <CustomBuild Include="ChatDialog.h">
      <Filter>Header Files</Filter>
    </CustomBuild>
    <CustomBuild Include="ConsoleDialog.h">
      <Filter>Header Files</Filter>
    </CustomBuild>
    <CustomBuild Include="logindialog.h">
      <Filter>Header Files</Filter>
    </CustomBuild>
    <CustomBuild Include="MainDialog.h">
      <Filter>Header Files</Filter>
    </CustomBuild>
    <CustomBuild Include="GroupChatDialog.h">
      <Filter>Header Files</Filter>
    </CustomBuild>
    <CustomBuild Include="GroupChatDialog.ui">
      <Filter>Form Files</Filter>
    </CustomBuild>
    <CustomBuild Include="TitlebarWidget.h">
      <Filter>Component</Filter>
    </CustomBuild>
    <CustomBuild Include="BaseChatDialog.h">
      <Filter>Header Files</Filter>
    </CustomBuild>
    <CustomBuild Include="GroupItemSortProxyModel.h">
      <Filter>RosterLogic</Filter>
    </CustomBuild>
    <CustomBuild Include="SelectContactDialog.h">
      <Filter>Header Files</Filter>
    </CustomBuild>
    <CustomBuild Include="SelectContactDialog.ui">
      <Filter>Form Files</Filter>
    </CustomBuild>
    <CustomBuild Include="SearchResultDialog.h">
      <Filter>Header Files</Filter>
    </CustomBuild>
    <CustomBuild Include="SearchResultDialog.ui">
      <Filter>Form Files</Filter>
    </CustomBuild>
    <CustomBuild Include="AddGroupDialog.h">
      <Filter>Header Files</Filter>
    </CustomBuild>
    <CustomBuild Include="AddGroupDialog.ui">
      <Filter>Form Files</Filter>
    </CustomBuild>
    <CustomBuild Include="EmotionDialog.h">
      <Filter>Header Files</Filter>
    </CustomBuild>
    <CustomBuild Include="EmotionDialog.ui">
      <Filter>Form Files</Filter>
    </CustomBuild>
    <CustomBuild Include="diywidgit\printscreen\floatTextEdit.h">
      <Filter>自定义控件\00__聊天控件\00_聊天工具条\00_截图控件</Filter>
    </CustomBuild>
    <CustomBuild Include="diywidgit\printscreen\FullScreenPrivate.h">
      <Filter>自定义控件\00__聊天控件\00_聊天工具条\00_截图控件</Filter>
    </CustomBuild>
    <CustomBuild Include="diywidgit\printscreen\FullScreenWidget.h">
      <Filter>自定义控件\00__聊天控件\00_聊天工具条\00_截图控件</Filter>
    </CustomBuild>
    <CustomBuild Include="diywidgit\printscreen\SnipScreenTool.h">
      <Filter>自定义控件\00__聊天控件\00_聊天工具条\00_截图控件</Filter>
    </CustomBuild>
    <CustomBuild Include="AboutDialog.h">
      <Filter>Header Files</Filter>
    </CustomBuild>
    <CustomBuild Include="AboutDialog.ui">
      <Filter>Form Files</Filter>
    </CustomBuild>
    <CustomBuild Include="UpdateInforDialog.ui">
      <Filter>Form Files</Filter>
    </CustomBuild>
    <CustomBuild Include="Updateinfordialog.h">
      <Filter>Header Files</Filter>
    </CustomBuild>
    <CustomBuild Include="ProgressDialog.ui">
      <Filter>Form Files</Filter>
    </CustomBuild>
    <CustomBuild Include="ProgressDialog.h">
      <Filter>Header Files</Filter>
    </CustomBuild>
    <CustomBuild Include="GroupVisitorMVD.h">
      <Filter>MVC</Filter>
    </CustomBuild>
    <CustomBuild Include="MultiDialogContainer.h">
      <Filter>RosterLogic</Filter>
    </CustomBuild>
    <CustomBuild Include="MultiDialogContainer.ui">
      <Filter>Form Files</Filter>
    </CustomBuild>
    <CustomBuild Include="recentrosteritemmvd.h">
      <Filter>MVC</Filter>
    </CustomBuild>
    <CustomBuild Include="RecentItem.ui">
      <Filter>Form Files</Filter>
    </CustomBuild>
    <CustomBuild Include="RecentItemView.h">
      <Filter>Component</Filter>
    </CustomBuild>
    <CustomBuild Include="atnoticetip.h">
      <Filter>Component</Filter>
    </CustomBuild>
    <CustomBuild Include="AtNoticeTip.ui">
      <Filter>Form Files</Filter>
    </CustomBuild>
    <CustomBuild Include="group_setting.h">
      <Filter>Component</Filter>
    </CustomBuild>
    <CustomBuild Include="group_setting.ui">
      <Filter>Form Files</Filter>
    </CustomBuild>
    <CustomBuild Include="group_setting.h">
      <Filter>Component</Filter>
    </CustomBuild>
    <CustomBuild Include="passwordinput.h">
      <Filter>Header Files</Filter>
    </CustomBuild>
    <CustomBuild Include="passwordinput.ui">
      <Filter>Form Files</Filter>
    </CustomBuild>
    <CustomBuild Include="imageviewer.h">
      <Filter>Header Files</Filter>
    </CustomBuild>
    <CustomBuild Include="imageviewer.ui">
      <Filter>Form Files</Filter>
    </CustomBuild>
    <CustomBuild Include="sysmessagedialog.h">
      <Filter>Header Files</Filter>
    </CustomBuild>
    <CustomBuild Include="sysmessagedialog.ui">
      <Filter>Form Files</Filter>
    </CustomBuild>
    <CustomBuild Include="SendMethodDialog.ui">
      <Filter>Form Files</Filter>
    </CustomBuild>
    <CustomBuild Include="sendmethoddialog.h">
      <Filter>Header Files</Filter>
    </CustomBuild>
    <CustomBuild Include="mycustomitem.h">
      <Filter>Header Files</Filter>
    </CustomBuild>
    <CustomBuild Include="snipscreemtoolbar.h">
      <Filter>Header Files</Filter>
    </CustomBuild>
    <CustomBuild Include="snipscreemtoolbar.ui">
      <Filter>Form Files</Filter>
    </CustomBuild>
    <CustomBuild Include="diywidgit\printscreen\ActionCommand.h">
      <Filter>自定义控件\00__聊天控件\00_聊天工具条\00_截图控件</Filter>
    </CustomBuild>
    <CustomBuild Include="groupvisitorsortproxymodel.h">
      <Filter>RosterLogic</Filter>
    </CustomBuild>
    <CustomBuild Include="GroupManagerDialog.ui">
      <Filter>Form Files</Filter>
    </CustomBuild>
    <CustomBuild Include="groupmanagerdialog.h">
      <Filter>Header Files</Filter>
    </CustomBuild>
    <CustomBuild Include="amrgit\AudioPlayer.h">
      <Filter>3rd\amr</Filter>
    </CustomBuild>
    <CustomBuild Include="amrgit\WavOutput.h">
      <Filter>3rd\amr</Filter>
    </CustomBuild>
    <CustomBuild Include="createnewgroup.h">
      <Filter>Header Files</Filter>
    </CustomBuild>
    <CustomBuild Include="createnewgroup.ui">
      <Filter>Form Files</Filter>
    </CustomBuild>
    <CustomBuild Include="groupitem_l.ui">
      <Filter>Form Files</Filter>
    </CustomBuild>
    <CustomBuild Include="personitem_l.ui">
      <Filter>Form Files</Filter>
    </CustomBuild>
    <CustomBuild Include="personitem_r.ui">
      <Filter>Form Files</Filter>
    </CustomBuild>
    <CustomBuild Include="createnewgroupp2.ui">
      <Filter>Form Files</Filter>
    </CustomBuild>
    <CustomBuild Include="..\3rd\hotkey\MyGlobalShortCut.h">
      <Filter>3rd\hotKey</Filter>
    </CustomBuild>
    <CustomBuild Include="SettingHotKey.ui">
      <Filter>Form Files</Filter>
    </CustomBuild>
    <CustomBuild Include="settinghotkeydialog.h">
      <Filter>Header Files</Filter>
    </CustomBuild>
    <CustomBuild Include="draggablewebview.h">
      <Filter>Header Files</Filter>
    </CustomBuild>
    <CustomBuild Include="draggablewebview.ui">
      <Filter>Form Files</Filter>
    </CustomBuild>
    <CustomBuild Include="newsdialog.h">
      <Filter>Header Files</Filter>
    </CustomBuild>
    <CustomBuild Include="newsdialog.ui">
      <Filter>Form Files</Filter>
    </CustomBuild>
    <CustomBuild Include="userminiprofile.h">
      <Filter>Header Files</Filter>
    </CustomBuild>
    <CustomBuild Include="userminiprofile.ui">
      <Filter>Form Files</Filter>
    </CustomBuild>
    <CustomBuild Include="Mycombobox.h">
      <Filter>Component</Filter>
    </CustomBuild>
    <CustomBuild Include="Myspinbox.h">
      <Filter>Header Files</Filter>
    </CustomBuild>
    <CustomBuild Include="EmotionTabDialog.ui">
      <Filter>Form Files</Filter>
    </CustomBuild>
    <CustomBuild Include="Emotiontabdialog.h">
      <Filter>Header Files</Filter>
    </CustomBuild>
    <CustomBuild Include="Emotionpushbutton.h">
      <Filter>Component</Filter>
    </CustomBuild>
    <CustomBuild Include="CustomDeotionDialog.ui">
      <Filter>Form Files</Filter>
    </CustomBuild>
    <CustomBuild Include="Customdmotiondialog.h">
      <Filter>Header Files</Filter>
    </CustomBuild>
    <CustomBuild Include="conversationlistwidget.h">
      <Filter>Header Files</Filter>
    </CustomBuild>
    <CustomBuild Include="conversationlistwidget.ui">
      <Filter>Form Files</Filter>
    </CustomBuild>
    <CustomBuild Include="minichatinfo.h">
      <Filter>Header Files</Filter>
    </CustomBuild>
    <CustomBuild Include="minichatinfo.ui">
      <Filter>Form Files</Filter>
    </CustomBuild>
    <CustomBuild Include="HistoryRecord.ui">
      <Filter>Form Files</Filter>
    </CustomBuild>
    <CustomBuild Include="Historyrecorddialog.h">
      <Filter>Header Files</Filter>
    </CustomBuild>
    <CustomBuild Include="Historyrecordmodel.h">
      <Filter>Header Files</Filter>
    </CustomBuild>
    <CustomBuild Include="Tableview.h">
      <Filter>Header Files</Filter>
    </CustomBuild>
    <CustomBuild Include="presencechangewidget.h">
      <Filter>Header Files</Filter>
    </CustomBuild>
    <CustomBuild Include="presencechangewidget.ui">
      <Filter>Form Files</Filter>
    </CustomBuild>
    <CustomBuild Include="gloableeventobject.h">
      <Filter>Header Files</Filter>
    </CustomBuild>
    <CustomBuild Include="ChatWebInforDialog.ui">
      <Filter>Form Files</Filter>
    </CustomBuild>
    <CustomBuild Include="Chatwebinfordialog.h">
      <Filter>Header Files</Filter>
    </CustomBuild>
    <CustomBuild Include="PersonInforDialog.ui">
      <Filter>Form Files</Filter>
    </CustomBuild>
    <CustomBuild Include="Personinfordialog.h">
      <Filter>Header Files</Filter>
    </CustomBuild>
    <CustomBuild Include="ReplyMsgInforDialog.ui">
      <Filter>Form Files</Filter>
    </CustomBuild>
    <CustomBuild Include="Quickreplymsgdialog.h">
      <Filter>Header Files</Filter>
    </CustomBuild>
    <CustomBuild Include="TransferChatDialog.ui">
      <Filter>Form Files</Filter>
    </CustomBuild>
    <CustomBuild Include="Transferchatdialog.h">
      <Filter>Header Files</Filter>
    </CustomBuild>
    <CustomBuild Include="joingroupfaileddialog.ui">
      <Filter>Form Files</Filter>
    </CustomBuild>
    <CustomBuild Include="JoinGroupFailedDialog.h">
      <Filter>Header Files</Filter>
    </CustomBuild>
    <CustomBuild Include="groupjoinfaileditem.ui">
      <Filter>Form Files</Filter>
    </CustomBuild>
    <CustomBuild Include="trayiconhovernoticewidget.ui">
      <Filter>Form Files</Filter>
    </CustomBuild>
    <CustomBuild Include="trayiconhovernoticewidget.h">
      <Filter>Header Files</Filter>
    </CustomBuild>
    <CustomBuild Include="trayhovernoticeitem.ui">
      <Filter>Form Files</Filter>
    </CustomBuild>
    <CustomBuild Include="statictext.h">
      <Filter>Header Files</Filter>
    </CustomBuild>
    <CustomBuild Include="slidingstackedwidget.h">
      <Filter>Header Files</Filter>
    </CustomBuild>
    <CustomBuild Include="PersonInfor_EmployDialog.ui">
      <Filter>Form Files</Filter>
    </CustomBuild>
    <CustomBuild Include="Personinfor_employdialog.h">
      <Filter>Header Files</Filter>
    </CustomBuild>
    <CustomBuild Include="OrderManageDialog.ui">
      <Filter>Form Files</Filter>
    </CustomBuild>
    <CustomBuild Include="Ordermanagedialog.h">
      <Filter>Header Files</Filter>
    </CustomBuild>
    <CustomBuild Include="..\3rd\quazip\quagzipfile.h">
      <Filter>3rd\quazip</Filter>
    </CustomBuild>
    <CustomBuild Include="..\3rd\quazip\quaziodevice.h">
      <Filter>3rd\quazip</Filter>
    </CustomBuild>
    <CustomBuild Include="..\3rd\quazip\quazipfile.h">
      <Filter>3rd\quazip</Filter>
    </CustomBuild>
    <CustomBuild Include="groupscontroller.h">
      <Filter>Header Files</Filter>
    </CustomBuild>
    <CustomBuild Include="diywidgit\cefclient\qcefwebview.h">
      <Filter>Header Files</Filter>
    </CustomBuild>
    <CustomBuild Include="QuickReplySetting.ui">
      <Filter>Form Files</Filter>
    </CustomBuild>
    <CustomBuild Include="quickrepysetting.h">
      <Filter>Header Files</Filter>
    </CustomBuild>
    <CustomBuild Include="QuicklyEditItemDialog.ui">
      <Filter>Form Files</Filter>
    </CustomBuild>
    <CustomBuild Include="quickreplyedititemdlg.h">
      <Filter>Header Files</Filter>
    </CustomBuild>
    <CustomBuild Include="groupmemberinput.h">
      <Filter>Header Files</Filter>
    </CustomBuild>
    <CustomBuild Include="groupmemberinput.ui">
      <Filter>Form Files</Filter>
    </CustomBuild>
  </ItemGroup>
  <ItemGroup>
    <ClInclude Include="Framework.h">
      <Filter>Header Files</Filter>
    </ClInclude>
    <ClInclude Include="GeneratedFiles\ui_MainDialog.h">
      <Filter>Generated Files</Filter>
    </ClInclude>
    <ClInclude Include="GeneratedFiles\ui_LoginWidget.h">
      <Filter>Generated Files</Filter>
    </ClInclude>
    <ClInclude Include="GeneratedFiles\ui_ConsoleDialog.h">
      <Filter>Generated Files</Filter>
    </ClInclude>
    <ClInclude Include="UiHelper.h">
      <Filter>Helper</Filter>
    </ClInclude>
    <ClInclude Include="LanguageHelper.h">
      <Filter>Helper</Filter>
    </ClInclude>
    <ClInclude Include="GeneratedFiles\ui_ChatDialog.h">
      <Filter>Generated Files</Filter>
    </ClInclude>
    <ClInclude Include="GeneratedFiles\ui_DemoDialog.h">
      <Filter>Generated Files</Filter>
    </ClInclude>
    <ClInclude Include="GeneratedFiles\ui_TitlebarWidget.h">
      <Filter>Generated Files</Filter>
    </ClInclude>
    <ClInclude Include="WindowTrayNotifyHelper.h">
      <Filter>Header Files</Filter>
    </ClInclude>
    <ClInclude Include="animation.h">
      <Filter>Header Files</Filter>
    </ClInclude>
    <ClInclude Include="GeneratedFiles\ui_qhyperlink.h">
      <Filter>Header Files</Filter>
    </ClInclude>
    <ClInclude Include="GeneratedFiles\ui_NotifyWindow.h">
      <Filter>Generated Files</Filter>
    </ClInclude>
    <ClInclude Include="GeneratedFiles\ui_SettingTabView.h">
      <Filter>Generated Files</Filter>
    </ClInclude>
    <ClInclude Include="GeneratedFiles\ui_SettingDetail.h">
      <Filter>Generated Files</Filter>
    </ClInclude>
    <ClInclude Include="resource.h">
      <Filter>Header Files</Filter>
    </ClInclude>
    <ClInclude Include="GeneratedFiles\ui_DealMessageBox.h">
      <Filter>Generated Files</Filter>
    </ClInclude>
    <ClInclude Include="GeneratedFiles\ui_BookingDialog.h">
      <Filter>Generated Files</Filter>
    </ClInclude>
    <ClInclude Include="GeneratedFiles\ui_MainWidget.h">
      <Filter>Generated Files</Filter>
    </ClInclude>
    <ClInclude Include="GeneratedFiles\ui_logindialog.h">
      <Filter>Generated Files</Filter>
    </ClInclude>
    <ClInclude Include="GeneratedFiles\ui_rostertreeview.h">
      <Filter>Generated Files</Filter>
    </ClInclude>
    <ClInclude Include="PresenceStatus.h">
      <Filter>RosterLogic</Filter>
    </ClInclude>
    <ClInclude Include="GeneratedFiles\ui_GroupChatDialog.h">
      <Filter>Generated Files</Filter>
    </ClInclude>
    <ClInclude Include="GeneratedFiles\ui_SelectContactDialog.h">
      <Filter>Generated Files</Filter>
    </ClInclude>
    <ClInclude Include="GeneratedFiles\ui_SearchResultDialog.h">
      <Filter>Generated Files</Filter>
    </ClInclude>
    <ClInclude Include="GeneratedFiles\ui_AddGroupDialog.h">
      <Filter>Generated Files</Filter>
    </ClInclude>
    <ClInclude Include="GeneratedFiles\ui_EmotionDialog.h">
      <Filter>Generated Files</Filter>
    </ClInclude>
    <ClInclude Include="diywidgit\printscreen\DrawTextDocumentHelper.h">
      <Filter>自定义控件\00__聊天控件\00_聊天工具条\00_截图控件</Filter>
    </ClInclude>
    <ClInclude Include="GeneratedFiles\ui_AboutDialog.h">
      <Filter>Generated Files</Filter>
    </ClInclude>
    <ClInclude Include="GeneratedFiles\ui_UpdateInforDialog.h">
      <Filter>Generated Files</Filter>
    </ClInclude>
    <ClInclude Include="GeneratedFiles\ui_ProgressDialog.h">
      <Filter>Generated Files</Filter>
    </ClInclude>
    <ClInclude Include="GeneratedFiles\ui_MultiDialogContainer.h">
      <Filter>Generated Files</Filter>
    </ClInclude>
    <ClInclude Include="GeneratedFiles\ui_RecentItem.h">
      <Filter>Generated Files</Filter>
    </ClInclude>
    <ClInclude Include="GeneratedFiles\ui_AtNoticeTip.h">
      <Filter>Generated Files</Filter>
    </ClInclude>
    <ClInclude Include="GeneratedFiles\ui_group_setting.h">
      <Filter>Generated Files</Filter>
    </ClInclude>
    <ClInclude Include="GeneratedFiles\ui_passwordinput.h">
      <Filter>Generated Files</Filter>
    </ClInclude>
    <ClInclude Include="localmanwidget.h">
      <Filter>Header Files</Filter>
    </ClInclude>
    <ClInclude Include="GeneratedFiles\ui_imageviewer.h">
      <Filter>Generated Files</Filter>
    </ClInclude>
    <ClInclude Include="ui_instance.h">
      <Filter>Header Files</Filter>
    </ClInclude>
    <ClInclude Include="GeneratedFiles\ui_sysmessagedialog.h">
      <Filter>Generated Files</Filter>
    </ClInclude>
    <ClInclude Include="GeneratedFiles\ui_moreselectionpanel.h">
      <Filter>Generated Files</Filter>
    </ClInclude>
    <ClInclude Include="GeneratedFiles\ui_SendMethodDialog.h">
      <Filter>Generated Files</Filter>
    </ClInclude>
    <ClInclude Include="GeneratedFiles\ui_snipscreemtoolbar.h">
      <Filter>Generated Files</Filter>
    </ClInclude>
    <ClInclude Include="GeneratedFiles\ui_GroupManagerDialog.h">
      <Filter>Generated Files</Filter>
    </ClInclude>
    <ClInclude Include="amrgit\VoiceHelper.h">
      <Filter>3rd\amr</Filter>
    </ClInclude>
    <ClInclude Include="amrgit\wavreader.h">
      <Filter>3rd\amr</Filter>
    </ClInclude>
    <ClInclude Include="GeneratedFiles\ui_createnewgroup.h">
      <Filter>Generated Files</Filter>
    </ClInclude>
    <ClInclude Include="GeneratedFiles\ui_groupitem_l.h">
      <Filter>Generated Files</Filter>
    </ClInclude>
    <ClInclude Include="GeneratedFiles\ui_personitem_l.h">
      <Filter>Generated Files</Filter>
    </ClInclude>
    <ClInclude Include="GeneratedFiles\ui_personitem_r.h">
      <Filter>Generated Files</Filter>
    </ClInclude>
    <ClInclude Include="GeneratedFiles\ui_createnewgroupp2.h">
      <Filter>Generated Files</Filter>
    </ClInclude>
    <ClInclude Include="..\3rd\hotkey\MyWinEventFilter.h">
      <Filter>3rd\hotKey</Filter>
    </ClInclude>
    <ClInclude Include="GeneratedFiles\ui_draggablewebview.h">
      <Filter>Generated Files</Filter>
    </ClInclude>
    <ClInclude Include="GeneratedFiles\ui_newsdialog.h">
      <Filter>Generated Files</Filter>
    </ClInclude>
    <ClInclude Include="GeneratedFiles\ui_userminiprofile.h">
      <Filter>Generated Files</Filter>
    </ClInclude>
    <ClInclude Include="GeneratedFiles\ui_EmotionTabDialog.h">
      <Filter>Generated Files</Filter>
    </ClInclude>
    <ClInclude Include="GeneratedFiles\ui_CustomDeotionDialog.h">
      <Filter>Generated Files</Filter>
    </ClInclude>
    <ClInclude Include="GeneratedFiles\ui_conversationlistwidget.h">
      <Filter>Generated Files</Filter>
    </ClInclude>
    <ClInclude Include="GeneratedFiles\ui_minichatinfo.h">
      <Filter>Generated Files</Filter>
    </ClInclude>
    <ClInclude Include="GeneratedFiles\ui_HistoryRecord.h">
      <Filter>Generated Files</Filter>
    </ClInclude>
    <ClInclude Include="GeneratedFiles\ui_presencechangewidget.h">
      <Filter>Generated Files</Filter>
    </ClInclude>
    <ClInclude Include="GeneratedFiles\ui_ChatWebInforDialog.h">
      <Filter>Generated Files</Filter>
    </ClInclude>
    <ClInclude Include="resource_chat.h">
      <Filter>Header Files</Filter>
    </ClInclude>
    <ClInclude Include="GeneratedFiles\ui_PersonInforDialog.h">
      <Filter>Generated Files</Filter>
    </ClInclude>
    <ClInclude Include="GeneratedFiles\ui_ReplyMsgInforDialog.h">
      <Filter>Generated Files</Filter>
    </ClInclude>
    <ClInclude Include="GeneratedFiles\ui_TransferChatDialog.h">
      <Filter>Generated Files</Filter>
    </ClInclude>
    <ClInclude Include="GeneratedFiles\ui_joingroupfaileddialog.h">
      <Filter>Generated Files</Filter>
    </ClInclude>
    <ClInclude Include="GeneratedFiles\ui_groupjoinfaileditem.h">
      <Filter>Generated Files</Filter>
    </ClInclude>
    <ClInclude Include="GeneratedFiles\ui_trayiconhovernoticewidget.h">
      <Filter>Generated Files</Filter>
    </ClInclude>
    <ClInclude Include="GeneratedFiles\ui_trayhovernoticeitem.h">
      <Filter>Generated Files</Filter>
    </ClInclude>
    <ClInclude Include="GeneratedFiles\ui_PersonInfor_EmployDialog.h">
      <Filter>Generated Files</Filter>
    </ClInclude>
    <ClInclude Include="GeneratedFiles\ui_OrderManageDialog.h">
      <Filter>Generated Files</Filter>
    </ClInclude>
    <ClInclude Include="..\3rd\quazip\crypt.h">
      <Filter>3rd\quazip</Filter>
    </ClInclude>
    <ClInclude Include="..\3rd\quazip\ioapi.h">
      <Filter>3rd\quazip</Filter>
    </ClInclude>
    <ClInclude Include="..\3rd\quazip\JlCompress.h">
      <Filter>3rd\quazip</Filter>
    </ClInclude>
    <ClInclude Include="..\3rd\quazip\quaadler32.h">
      <Filter>3rd\quazip</Filter>
    </ClInclude>
    <ClInclude Include="..\3rd\quazip\quachecksum32.h">
      <Filter>3rd\quazip</Filter>
    </ClInclude>
    <ClInclude Include="..\3rd\quazip\quacrc32.h">
      <Filter>3rd\quazip</Filter>
    </ClInclude>
    <ClInclude Include="..\3rd\quazip\quazip.h">
      <Filter>3rd\quazip</Filter>
    </ClInclude>
    <ClInclude Include="..\3rd\quazip\quazip_global.h">
      <Filter>3rd\quazip</Filter>
    </ClInclude>
    <ClInclude Include="..\3rd\quazip\quazipdir.h">
      <Filter>3rd\quazip</Filter>
    </ClInclude>
    <ClInclude Include="..\3rd\quazip\quazipfileinfo.h">
      <Filter>3rd\quazip</Filter>
    </ClInclude>
    <ClInclude Include="..\3rd\quazip\quazipnewinfo.h">
      <Filter>3rd\quazip</Filter>
    </ClInclude>
    <ClInclude Include="..\3rd\quazip\unzip.h">
      <Filter>3rd\quazip</Filter>
    </ClInclude>
    <ClInclude Include="..\3rd\quazip\zip.h">
      <Filter>3rd\quazip</Filter>
    </ClInclude>
    <ClInclude Include="..\LocalManBiz\WebService.h">
      <Filter>Header Files</Filter>
    </ClInclude>
    <ClInclude Include="diywidgit\cefclient\cefclient.h">
      <Filter>Header Files</Filter>
    </ClInclude>
    <ClInclude Include="diywidgit\cefclient\client_app.h">
      <Filter>Header Files</Filter>
    </ClInclude>
    <ClInclude Include="diywidgit\cefclient\client_app_js.h">
      <Filter>Header Files</Filter>
    </ClInclude>
    <ClInclude Include="diywidgit\cefclient\client_binding.h">
      <Filter>Header Files</Filter>
    </ClInclude>
    <ClInclude Include="diywidgit\cefclient\client_handler.h">
      <Filter>Header Files</Filter>
    </ClInclude>
    <ClInclude Include="diywidgit\cefclient\client_renderer.h">
      <Filter>Header Files</Filter>
    </ClInclude>
    <ClInclude Include="diywidgit\cefclient\client_transfer.h">
      <Filter>Header Files</Filter>
    </ClInclude>
    <ClInclude Include="diywidgit\cefclient\message_event.h">
      <Filter>Header Files</Filter>
    </ClInclude>
    <ClInclude Include="diywidgit\cefclient\util.h">
      <Filter>Header Files</Filter>
    </ClInclude>
    <ClInclude Include="GeneratedFiles\ui_QuickReplySetting.h">
      <Filter>Generated Files</Filter>
    </ClInclude>
    <ClInclude Include="GeneratedFiles\ui_QuicklyEditItemDialog.h">
      <Filter>Generated Files</Filter>
    </ClInclude>
    <ClInclude Include="GeneratedFiles\ui_groupmemberinput.h">
      <Filter>Generated Files</Filter>
    </ClInclude>
  </ItemGroup>
  <ItemGroup>
    <ResourceCompile Include="LocalMan_chat.rc" />
  </ItemGroup>
  <ItemGroup>
    <Image Include="Deal.ico" />
    <Image Include="Deal_chat.ico" />
  </ItemGroup>
  <ItemGroup>
    <None Include="..\bin\resources\default.qss">
      <Filter>QSS</Filter>
    </None>
    <None Include="..\bin\resources\organizer.qss">
      <Filter>QSS</Filter>
    </None>
  </ItemGroup>
</Project>