
Microsoft Visual Studio Solution File, Format Version 12.00
# Visual Studio 2012
Project("{8BC9CEB8-8B4A-11D0-8D11-00A0C91BC942}") = "LocalMan", "startalk_ui\LocalMan.vcxproj", "{B12702AD-ABFB-343A-A199-8E24837244A3}"
EndProject
Project("{8BC9CEB8-8B4A-11D0-8D11-00A0C91BC942}") = "LocalManUtils", "LocalManUtils\LocalManUtils.vcxproj", "{7A6DCB88-17CC-4CB5-8189-CC0C8A667CE7}"
EndProject
Project("{8BC9CEB8-8B4A-11D0-8D11-00A0C91BC942}") = "QZXing", "QZxing\QZXing.vcxproj", "{885C593C-400C-3120-8142-9FCE65B3F475}"
EndProject
Global
	GlobalSection(SolutionConfigurationPlatforms) = preSolution
		_R4TS|Win32 = _R4TS|Win32
		_R4TS|x64 = _R4TS|x64
		CHAT_D|Win32 = CHAT_D|Win32
		CHAT_D|x64 = CHAT_D|x64
		Debug|Win32 = Debug|Win32
		Debug|x64 = Debug|x64
		QCHAT_R|Win32 = QCHAT_R|Win32
		QCHAT_R|x64 = QCHAT_R|x64
		Release|Win32 = Release|Win32
		Release|x64 = Release|x64
	EndGlobalSection
	GlobalSection(ProjectConfigurationPlatforms) = postSolution
		{B12702AD-ABFB-343A-A199-8E24837244A3}._R4TS|Win32.ActiveCfg = _R4TS|Win32
		{B12702AD-ABFB-343A-A199-8E24837244A3}._R4TS|Win32.Build.0 = _R4TS|Win32
		{B12702AD-ABFB-343A-A199-8E24837244A3}._R4TS|x64.ActiveCfg = _R4TS|x64
		{B12702AD-ABFB-343A-A199-8E24837244A3}._R4TS|x64.Build.0 = _R4TS|x64
		{B12702AD-ABFB-343A-A199-8E24837244A3}.CHAT_D|Win32.ActiveCfg = CHAT_D|Win32
		{B12702AD-ABFB-343A-A199-8E24837244A3}.CHAT_D|Win32.Build.0 = CHAT_D|Win32
		{B12702AD-ABFB-343A-A199-8E24837244A3}.CHAT_D|x64.ActiveCfg = CHAT_D|x64
		{B12702AD-ABFB-343A-A199-8E24837244A3}.CHAT_D|x64.Build.0 = CHAT_D|x64
		{B12702AD-ABFB-343A-A199-8E24837244A3}.Debug|Win32.ActiveCfg = Debug|Win32
		{B12702AD-ABFB-343A-A199-8E24837244A3}.Debug|Win32.Build.0 = Debug|Win32
		{B12702AD-ABFB-343A-A199-8E24837244A3}.Debug|x64.ActiveCfg = Debug|x64
		{B12702AD-ABFB-343A-A199-8E24837244A3}.Debug|x64.Build.0 = Debug|x64
		{B12702AD-ABFB-343A-A199-8E24837244A3}.QCHAT_R|Win32.ActiveCfg = QCHAT_R|Win32
		{B12702AD-ABFB-343A-A199-8E24837244A3}.QCHAT_R|Win32.Build.0 = QCHAT_R|Win32
		{B12702AD-ABFB-343A-A199-8E24837244A3}.QCHAT_R|x64.ActiveCfg = QCHAT_R|x64
		{B12702AD-ABFB-343A-A199-8E24837244A3}.QCHAT_R|x64.Build.0 = QCHAT_R|x64
		{B12702AD-ABFB-343A-A199-8E24837244A3}.Release|Win32.ActiveCfg = Release|Win32
		{B12702AD-ABFB-343A-A199-8E24837244A3}.Release|Win32.Build.0 = Release|Win32
		{B12702AD-ABFB-343A-A199-8E24837244A3}.Release|x64.ActiveCfg = Release|x64
		{B12702AD-ABFB-343A-A199-8E24837244A3}.Release|x64.Build.0 = Release|x64
		{7A6DCB88-17CC-4CB5-8189-CC0C8A667CE7}._R4TS|Win32.ActiveCfg = _R4TS|Win32
		{7A6DCB88-17CC-4CB5-8189-CC0C8A667CE7}._R4TS|Win32.Build.0 = _R4TS|Win32
		{7A6DCB88-17CC-4CB5-8189-CC0C8A667CE7}._R4TS|x64.ActiveCfg = _R4TS|x64
		{7A6DCB88-17CC-4CB5-8189-CC0C8A667CE7}._R4TS|x64.Build.0 = _R4TS|x64
		{7A6DCB88-17CC-4CB5-8189-CC0C8A667CE7}.CHAT_D|Win32.ActiveCfg = CHAT_D|Win32
		{7A6DCB88-17CC-4CB5-8189-CC0C8A667CE7}.CHAT_D|Win32.Build.0 = CHAT_D|Win32
		{7A6DCB88-17CC-4CB5-8189-CC0C8A667CE7}.CHAT_D|x64.ActiveCfg = CHAT_D|x64
		{7A6DCB88-17CC-4CB5-8189-CC0C8A667CE7}.CHAT_D|x64.Build.0 = CHAT_D|x64
		{7A6DCB88-17CC-4CB5-8189-CC0C8A667CE7}.Debug|Win32.ActiveCfg = Debug|Win32
		{7A6DCB88-17CC-4CB5-8189-CC0C8A667CE7}.Debug|Win32.Build.0 = Debug|Win32
		{7A6DCB88-17CC-4CB5-8189-CC0C8A667CE7}.Debug|x64.ActiveCfg = Debug|x64
		{7A6DCB88-17CC-4CB5-8189-CC0C8A667CE7}.Debug|x64.Build.0 = Debug|x64
		{7A6DCB88-17CC-4CB5-8189-CC0C8A667CE7}.QCHAT_R|Win32.ActiveCfg = QCHAT_R|Win32
		{7A6DCB88-17CC-4CB5-8189-CC0C8A667CE7}.QCHAT_R|Win32.Build.0 = QCHAT_R|Win32
		{7A6DCB88-17CC-4CB5-8189-CC0C8A667CE7}.QCHAT_R|x64.ActiveCfg = QCHAT_R|x64
		{7A6DCB88-17CC-4CB5-8189-CC0C8A667CE7}.QCHAT_R|x64.Build.0 = QCHAT_R|x64
		{7A6DCB88-17CC-4CB5-8189-CC0C8A667CE7}.Release|Win32.ActiveCfg = Release|Win32
		{7A6DCB88-17CC-4CB5-8189-CC0C8A667CE7}.Release|Win32.Build.0 = Release|Win32
		{7A6DCB88-17CC-4CB5-8189-CC0C8A667CE7}.Release|x64.ActiveCfg = Release|x64
		{7A6DCB88-17CC-4CB5-8189-CC0C8A667CE7}.Release|x64.Build.0 = Release|x64
		{885C593C-400C-3120-8142-9FCE65B3F475}._R4TS|Win32.ActiveCfg = _R4TS|Win32
		{885C593C-400C-3120-8142-9FCE65B3F475}._R4TS|Win32.Build.0 = _R4TS|Win32
		{885C593C-400C-3120-8142-9FCE65B3F475}._R4TS|x64.ActiveCfg = _R4TS|x64
		{885C593C-400C-3120-8142-9FCE65B3F475}._R4TS|x64.Build.0 = _R4TS|x64
		{885C593C-400C-3120-8142-9FCE65B3F475}.CHAT_D|Win32.ActiveCfg = CHAT_D|Win32
		{885C593C-400C-3120-8142-9FCE65B3F475}.CHAT_D|Win32.Build.0 = CHAT_D|Win32
		{885C593C-400C-3120-8142-9FCE65B3F475}.CHAT_D|x64.ActiveCfg = CHAT_D|x64
		{885C593C-400C-3120-8142-9FCE65B3F475}.CHAT_D|x64.Build.0 = CHAT_D|x64
		{885C593C-400C-3120-8142-9FCE65B3F475}.Debug|Win32.ActiveCfg = Debug|Win32
		{885C593C-400C-3120-8142-9FCE65B3F475}.Debug|Win32.Build.0 = Debug|Win32
		{885C593C-400C-3120-8142-9FCE65B3F475}.Debug|x64.ActiveCfg = Debug|x64
		{885C593C-400C-3120-8142-9FCE65B3F475}.Debug|x64.Build.0 = Debug|x64
		{885C593C-400C-3120-8142-9FCE65B3F475}.QCHAT_R|Win32.ActiveCfg = QCHAT_R|Win32
		{885C593C-400C-3120-8142-9FCE65B3F475}.QCHAT_R|Win32.Build.0 = QCHAT_R|Win32
		{885C593C-400C-3120-8142-9FCE65B3F475}.QCHAT_R|x64.ActiveCfg = QCHAT_R|x64
		{885C593C-400C-3120-8142-9FCE65B3F475}.QCHAT_R|x64.Build.0 = QCHAT_R|x64
		{885C593C-400C-3120-8142-9FCE65B3F475}.Release|Win32.ActiveCfg = Release|Win32
		{885C593C-400C-3120-8142-9FCE65B3F475}.Release|Win32.Build.0 = Release|Win32
		{885C593C-400C-3120-8142-9FCE65B3F475}.Release|x64.ActiveCfg = Release|x64
		{885C593C-400C-3120-8142-9FCE65B3F475}.Release|x64.Build.0 = Release|x64
	EndGlobalSection
	GlobalSection(SolutionProperties) = preSolution
		HideSolutionNode = FALSE
	EndGlobalSection
EndGlobal
